// !$*UTF8*$!
{
	archiveVersion = 1;
	classes = {
	};
	objectVersion = 50;
	objects = {

/* Begin PBXBuildFile section */
		2131FD4024FD843D0047A584 /* AppDelegate.swift in Sources */ = {isa = PBXBuildFile; fileRef = 2131FD3F24FD843D0047A584 /* AppDelegate.swift */; };
		2131FD4224FD843D0047A584 /* SceneDelegate.swift in Sources */ = {isa = PBXBuildFile; fileRef = 2131FD4124FD843D0047A584 /* SceneDelegate.swift */; };
		2131FD4424FD843D0047A584 /* ContentView.swift in Sources */ = {isa = PBXBuildFile; fileRef = 2131FD4324FD843D0047A584 /* ContentView.swift */; };
		2131FD4624FD843F0047A584 /* Assets.xcassets in Resources */ = {isa = PBXBuildFile; fileRef = 2131FD4524FD843F0047A584 /* Assets.xcassets */; };
		2131FD4924FD843F0047A584 /* Preview Assets.xcassets in Resources */ = {isa = PBXBuildFile; fileRef = 2131FD4824FD843F0047A584 /* Preview Assets.xcassets */; };
		2131FD4C24FD843F0047A584 /* LaunchScreen.storyboard in Resources */ = {isa = PBXBuildFile; fileRef = 2131FD4A24FD843F0047A584 /* LaunchScreen.storyboard */; };
		2131FD5424FD86890047A584 /* Helper.swift in Sources */ = {isa = PBXBuildFile; fileRef = 2131FD5324FD86890047A584 /* Helper.swift */; };
		2131FD5624FD886E0047A584 /* PokeCard.swift in Sources */ = {isa = PBXBuildFile; fileRef = 2131FD5524FD886E0047A584 /* PokeCard.swift */; };
		2131FD5824FE31790047A584 /* pokemon_dex.json in Resources */ = {isa = PBXBuildFile; fileRef = 2131FD5724FE31790047A584 /* pokemon_dex.json */; };
		2131FD5A24FE318A0047A584 /* Pokemon.swift in Sources */ = {isa = PBXBuildFile; fileRef = 2131FD5924FE318A0047A584 /* Pokemon.swift */; };
/* End PBXBuildFile section */

/* Begin PBXFileReference section */
		2131FD3C24FD843D0047A584 /* SwiftUI_Pokemon.app */ = {isa = PBXFileReference; explicitFileType = wrapper.application; includeInIndex = 0; path = SwiftUI_Pokemon.app; sourceTree = BUILT_PRODUCTS_DIR; };
		2131FD3F24FD843D0047A584 /* AppDelegate.swift */ = {isa = PBXFileReference; lastKnownFileType = sourcecode.swift; path = AppDelegate.swift; sourceTree = "<group>"; };
		2131FD4124FD843D0047A584 /* SceneDelegate.swift */ = {isa = PBXFileReference; lastKnownFileType = sourcecode.swift; path = SceneDelegate.swift; sourceTree = "<group>"; };
		2131FD4324FD843D0047A584 /* ContentView.swift */ = {isa = PBXFileReference; lastKnownFileType = sourcecode.swift; path = ContentView.swift; sourceTree = "<group>"; };
		2131FD4524FD843F0047A584 /* Assets.xcassets */ = {isa = PBXFileReference; lastKnownFileType = folder.assetcatalog; path = Assets.xcassets; sourceTree = "<group>"; };
		2131FD4824FD843F0047A584 /* Preview Assets.xcassets */ = {isa = PBXFileReference; lastKnownFileType = folder.assetcatalog; path = "Preview Assets.xcassets"; sourceTree = "<group>"; };
		2131FD4B24FD843F0047A584 /* Base */ = {isa = PBXFileReference; lastKnownFileType = file.storyboard; name = Base; path = Base.lproj/LaunchScreen.storyboard; sourceTree = "<group>"; };
		2131FD4D24FD843F0047A584 /* Info.plist */ = {isa = PBXFileReference; lastKnownFileType = text.plist.xml; path = Info.plist; sourceTree = "<group>"; };
		2131FD5324FD86890047A584 /* Helper.swift */ = {isa = PBXFileReference; lastKnownFileType = sourcecode.swift; path = Helper.swift; sourceTree = "<group>"; };
		2131FD5524FD886E0047A584 /* PokeCard.swift */ = {isa = PBXFileReference; lastKnownFileType = sourcecode.swift; path = PokeCard.swift; sourceTree = "<group>"; };
		2131FD5724FE31790047A584 /* pokemon_dex.json */ = {isa = PBXFileReference; fileEncoding = 4; lastKnownFileType = text.json; path = pokemon_dex.json; sourceTree = "<group>"; };
		2131FD5924FE318A0047A584 /* Pokemon.swift */ = {isa = PBXFileReference; lastKnownFileType = sourcecode.swift; path = Pokemon.swift; sourceTree = "<group>"; };
/* End PBXFileReference section */

/* Begin PBXFrameworksBuildPhase section */
		2131FD3924FD843D0047A584 /* Frameworks */ = {
			isa = PBXFrameworksBuildPhase;
			buildActionMask = 2147483647;
			files = (
			);
			runOnlyForDeploymentPostprocessing = 0;
		};
/* End PBXFrameworksBuildPhase section */

/* Begin PBXGroup section */
		2131FD3324FD843D0047A584 = {
			isa = PBXGroup;
			children = (
				2131FD3E24FD843D0047A584 /* SwiftUI_Pokemon */,
				2131FD3D24FD843D0047A584 /* Products */,
			);
			sourceTree = "<group>";
		};
		2131FD3D24FD843D0047A584 /* Products */ = {
			isa = PBXGroup;
			children = (
				2131FD3C24FD843D0047A584 /* SwiftUI_Pokemon.app */,
			);
			name = Products;
			sourceTree = "<group>";
		};
		2131FD3E24FD843D0047A584 /* SwiftUI_Pokemon */ = {
			isa = PBXGroup;
			children = (
				2131FD3F24FD843D0047A584 /* AppDelegate.swift */,
				2131FD4124FD843D0047A584 /* SceneDelegate.swift */,
				2131FD4324FD843D0047A584 /* ContentView.swift */,
				2131FD5524FD886E0047A584 /* PokeCard.swift */,
				2159097724FE9AAC0014BA88 /* Helper */,
				2131FD4524FD843F0047A584 /* Assets.xcassets */,
				2131FD4A24FD843F0047A584 /* LaunchScreen.storyboard */,
				2131FD4D24FD843F0047A584 /* Info.plist */,
				2131FD4724FD843F0047A584 /* Preview Content */,
			);
			path = SwiftUI_Pokemon;
			sourceTree = "<group>";
		};
		2131FD4724FD843F0047A584 /* Preview Content */ = {
			isa = PBXGroup;
			children = (
				2131FD4824FD843F0047A584 /* Preview Assets.xcassets */,
			);
			path = "Preview Content";
			sourceTree = "<group>";
		};
		2159097724FE9AAC0014BA88 /* Helper */ = {
			isa = PBXGroup;
			children = (
				2131FD5724FE31790047A584 /* pokemon_dex.json */,
				2131FD5924FE318A0047A584 /* Pokemon.swift */,
				2131FD5324FD86890047A584 /* Helper.swift */,
			);
			path = Helper;
			sourceTree = "<group>";
		};
/* End PBXGroup section */

/* Begin PBXNativeTarget section */
		2131FD3B24FD843D0047A584 /* SwiftUI_Pokemon */ = {
			isa = PBXNativeTarget;
			buildConfigurationList = 2131FD5024FD843F0047A584 /* Build configuration list for PBXNativeTarget "SwiftUI_Pokemon" */;
			buildPhases = (
				2131FD3824FD843D0047A584 /* Sources */,
				2131FD3924FD843D0047A584 /* Frameworks */,
				2131FD3A24FD843D0047A584 /* Resources */,
			);
			buildRules = (
			);
			dependencies = (
			);
			name = SwiftUI_Pokemon;
			productName = SwiftUI_Pokemon;
			productReference = 2131FD3C24FD843D0047A584 /* SwiftUI_Pokemon.app */;
			productType = "com.apple.product-type.application";
		};
/* End PBXNativeTarget section */

/* Begin PBXProject section */
		2131FD3424FD843D0047A584 /* Project object */ = {
			isa = PBXProject;
			attributes = {
				LastSwiftUpdateCheck = 1150;
				LastUpgradeCheck = 1150;
				ORGANIZATIONNAME = "Digital Trons";
				TargetAttributes = {
					2131FD3B24FD843D0047A584 = {
						CreatedOnToolsVersion = 11.5;
					};
				};
			};
			buildConfigurationList = 2131FD3724FD843D0047A584 /* Build configuration list for PBXProject "SwiftUI_Pokemon" */;
			compatibilityVersion = "Xcode 9.3";
			developmentRegion = en;
			hasScannedForEncodings = 0;
			knownRegions = (
				en,
				Base,
			);
			mainGroup = 2131FD3324FD843D0047A584;
			productRefGroup = 2131FD3D24FD843D0047A584 /* Products */;
			projectDirPath = "";
			projectRoot = "";
			targets = (
				2131FD3B24FD843D0047A584 /* SwiftUI_Pokemon */,
			);
		};
/* End PBXProject section */

/* Begin PBXResourcesBuildPhase section */
		2131FD3A24FD843D0047A584 /* Resources */ = {
			isa = PBXResourcesBuildPhase;
			buildActionMask = 2147483647;
			files = (
				2131FD4C24FD843F0047A584 /* LaunchScreen.storyboard in Resources */,
				2131FD5824FE31790047A584 /* pokemon_dex.json in Resources */,
				2131FD4924FD843F0047A584 /* Preview Assets.xcassets in Resources */,
				2131FD4624FD843F0047A584 /* Assets.xcassets in Resources */,
			);
			runOnlyForDeploymentPostprocessing = 0;
		};
/* End PBXResourcesBuildPhase section */

/* Begin PBXSourcesBuildPhase section */
		2131FD3824FD843D0047A584 /* Sources */ = {
			isa = PBXSourcesBuildPhase;
			buildActionMask = 2147483647;
			files = (
				2131FD4024FD843D0047A584 /* AppDelegate.swift in Sources */,
				2131FD4224FD843D0047A584 /* SceneDelegate.swift in Sources */,
				2131FD4424FD843D0047A584 /* ContentView.swift in Sources */,
				2131FD5424FD86890047A584 /* Helper.swift in Sources */,
				2131FD5624FD886E0047A584 /* PokeCard.swift in Sources */,
				2131FD5A24FE318A0047A584 /* Pokemon.swift in Sources */,
			);
			runOnlyForDeploymentPostprocessing = 0;
		};
/* End PBXSourcesBuildPhase section */

/* Begin PBXVariantGroup section */
		2131FD4A24FD843F0047A584 /* LaunchScreen.storyboard */ = {
			isa = PBXVariantGroup;
			children = (
				2131FD4B24FD843F0047A584 /* Base */,
			);
			name = LaunchScreen.storyboard;
			sourceTree = "<group>";
		};
/* End PBXVariantGroup section */

/* Begin XCBuildConfiguration section */
		2131FD4E24FD843F0047A584 /* Debug */ = {
			isa = XCBuildConfiguration;
			buildSettings = {
				ALWAYS_SEARCH_USER_PATHS = NO;
				CLANG_ANALYZER_NONNULL = YES;
				CLANG_ANALYZER_NUMBER_OBJECT_CONVERSION = YES_AGGRESSIVE;
				CLANG_CXX_LANGUAGE_STANDARD = "gnu++14";
				CLANG_CXX_LIBRARY = "libc++";
				CLANG_ENABLE_MODULES = YES;
				CLANG_ENABLE_OBJC_ARC = YES;
				CLANG_ENABLE_OBJC_WEAK = YES;
				CLANG_WARN_BLOCK_CAPTURE_AUTORELEASING = YES;
				CLANG_WARN_BOOL_CONVERSION = YES;
				CLANG_WARN_COMMA = YES;
				CLANG_WARN_CONSTANT_CONVERSION = YES;
				CLANG_WARN_DEPRECATED_OBJC_IMPLEMENTATIONS = YES;
				CLANG_WARN_DIRECT_OBJC_ISA_USAGE = YES_ERROR;
				CLANG_WARN_DOCUMENTATION_COMMENTS = YES;
				CLANG_WARN_EMPTY_BODY = YES;
				CLANG_WARN_ENUM_CONVERSION = YES;
				CLANG_WARN_INFINITE_RECURSION = YES;
				CLANG_WARN_INT_CONVERSION = YES;
				CLANG_WARN_NON_LITERAL_NULL_CONVERSION = YES;
				CLANG_WARN_OBJC_IMPLICIT_RETAIN_SELF = YES;
				CLANG_WARN_OBJC_LITERAL_CONVERSION = YES;
				CLANG_WARN_OBJC_ROOT_CLASS = YES_ERROR;
				CLANG_WARN_RANGE_LOOP_ANALYSIS = YES;
				CLANG_WARN_STRICT_PROTOTYPES = YES;
				CLANG_WARN_SUSPICIOUS_MOVE = YES;
				CLANG_WARN_UNGUARDED_AVAILABILITY = YES_AGGRESSIVE;
				CLANG_WARN_UNREACHABLE_CODE = YES;
				CLANG_WARN__DUPLICATE_METHOD_MATCH = YES;
				COPY_PHASE_STRIP = NO;
				DEBUG_INFORMATION_FORMAT = dwarf;
				ENABLE_STRICT_OBJC_MSGSEND = YES;
				ENABLE_TESTABILITY = YES;
				GCC_C_LANGUAGE_STANDARD = gnu11;
				GCC_DYNAMIC_NO_PIC = NO;
				GCC_NO_COMMON_BLOCKS = YES;
				GCC_OPTIMIZATION_LEVEL = 0;
				GCC_PREPROCESSOR_DEFINITIONS = (
					"DEBUG=1",
					"$(inherited)",
				);
				GCC_WARN_64_TO_32_BIT_CONVERSION = YES;
				GCC_WARN_ABOUT_RETURN_TYPE = YES_ERROR;
				GCC_WARN_UNDECLARED_SELECTOR = YES;
				GCC_WARN_UNINITIALIZED_AUTOS = YES_AGGRESSIVE;
				GCC_WARN_UNUSED_FUNCTION = YES;
				GCC_WARN_UNUSED_VARIABLE = YES;
				IPHONEOS_DEPLOYMENT_TARGET = 13.5;
				MTL_ENABLE_DEBUG_INFO = INCLUDE_SOURCE;
				MTL_FAST_MATH = YES;
				ONLY_ACTIVE_ARCH = YES;
				SDKROOT = iphoneos;
				SWIFT_ACTIVE_COMPILATION_CONDITIONS = DEBUG;
				SWIFT_OPTIMIZATION_LEVEL = "-Onone";
			};
			name = Debug;
		};
		2131FD4F24FD843F0047A584 /* Release */ = {
			isa = XCBuildConfiguration;
			buildSettings = {
				ALWAYS_SEARCH_USER_PATHS = NO;
				CLANG_ANALYZER_NONNULL = YES;
				CLANG_ANALYZER_NUMBER_OBJECT_CONVERSION = YES_AGGRESSIVE;
				CLANG_CXX_LANGUAGE_STANDARD = "gnu++14";
				CLANG_CXX_LIBRARY = "libc++";
				CLANG_ENABLE_MODULES = YES;
				CLANG_ENABLE_OBJC_ARC = YES;
				CLANG_ENABLE_OBJC_WEAK = YES;
				CLANG_WARN_BLOCK_CAPTURE_AUTORELEASING = YES;
				CLANG_WARN_BOOL_CONVERSION = YES;
				CLANG_WARN_COMMA = YES;
				CLANG_WARN_CONSTANT_CONVERSION = YES;
				CLANG_WARN_DEPRECATED_OBJC_IMPLEMENTATIONS = YES;
				CLANG_WARN_DIRECT_OBJC_ISA_USAGE = YES_ERROR;
				CLANG_WARN_DOCUMENTATION_COMMENTS = YES;
				CLANG_WARN_EMPTY_BODY = YES;
				CLANG_WARN_ENUM_CONVERSION = YES;
				CLANG_WARN_INFINITE_RECURSION = YES;
				CLANG_WARN_INT_CONVERSION = YES;
				CLANG_WARN_NON_LITERAL_NULL_CONVERSION = YES;
				CLANG_WARN_OBJC_IMPLICIT_RETAIN_SELF = YES;
				CLANG_WARN_OBJC_LITERAL_CONVERSION = YES;
				CLANG_WARN_OBJC_ROOT_CLASS = YES_ERROR;
				CLANG_WARN_RANGE_LOOP_ANALYSIS = YES;
				CLANG_WARN_STRICT_PROTOTYPES = YES;
				CLANG_WARN_SUSPICIOUS_MOVE = YES;
				CLANG_WARN_UNGUARDED_AVAILABILITY = YES_AGGRESSIVE;
				CLANG_WARN_UNREACHABLE_CODE = YES;
				CLANG_WARN__DUPLICATE_METHOD_MATCH = YES;
				COPY_PHASE_STRIP = NO;
				DEBUG_INFORMATION_FORMAT = "dwarf-with-dsym";
				ENABLE_NS_ASSERTIONS = NO;
				ENABLE_STRICT_OBJC_MSGSEND = YES;
				GCC_C_LANGUAGE_STANDARD = gnu11;
				GCC_NO_COMMON_BLOCKS = YES;
				GCC_WARN_64_TO_32_BIT_CONVERSION = YES;
				GCC_WARN_ABOUT_RETURN_TYPE = YES_ERROR;
				GCC_WARN_UNDECLARED_SELECTOR = YES;
				GCC_WARN_UNINITIALIZED_AUTOS = YES_AGGRESSIVE;
				GCC_WARN_UNUSED_FUNCTION = YES;
				GCC_WARN_UNUSED_VARIABLE = YES;
				IPHONEOS_DEPLOYMENT_TARGET = 13.5;
				MTL_ENABLE_DEBUG_INFO = NO;
				MTL_FAST_MATH = YES;
				SDKROOT = iphoneos;
				SWIFT_COMPILATION_MODE = wholemodule;
				SWIFT_OPTIMIZATION_LEVEL = "-O";
				VALIDATE_PRODUCT = YES;
			};
			name = Release;
		};
		2131FD5124FD843F0047A584 /* Debug */ = {
			isa = XCBuildConfiguration;
			buildSettings = {
				ASSETCATALOG_COMPILER_APPICON_NAME = AppIcon;
				CODE_SIGN_STYLE = Automatic;
				DEVELOPMENT_ASSET_PATHS = "\"SwiftUI_Pokemon/Preview Content\"";
				DEVELOPMENT_TEAM = 3PN9YT2KRD;
				ENABLE_PREVIEWS = YES;
				INFOPLIST_FILE = SwiftUI_Pokemon/Info.plist;
				IPHONEOS_DEPLOYMENT_TARGET = 13.2;
				LD_RUNPATH_SEARCH_PATHS = (
					"$(inherited)",
					"@executable_path/Frameworks",
				);
				PRODUCT_BUNDLE_IDENTIFIER = "com.DigitalTrons.SwiftUI-Pokemon";
				PRODUCT_NAME = "$(TARGET_NAME)";
				SWIFT_VERSION = 5.0;
				TARGETED_DEVICE_FAMILY = "1,2";
			};
			name = Debug;
		};
		2131FD5224FD843F0047A584 /* Release */ = {
			isa = XCBuildConfiguration;
			buildSettings = {
				ASSETCATALOG_COMPILER_APPICON_NAME = AppIcon;
				CODE_SIGN_STYLE = Automatic;
				DEVELOPMENT_ASSET_PATHS = "\"SwiftUI_Pokemon/Preview Content\"";
				DEVELOPMENT_TEAM = 3PN9YT2KRD;
				ENABLE_PREVIEWS = YES;
				INFOPLIST_FILE = SwiftUI_Pokemon/Info.plist;
				IPHONEOS_DEPLOYMENT_TARGET = 13.2;
				LD_RUNPATH_SEARCH_PATHS = (
					"$(inherited)",
					"@executable_path/Frameworks",
				);
				PRODUCT_BUNDLE_IDENTIFIER = "com.DigitalTrons.SwiftUI-Pokemon";
				PRODUCT_NAME = "$(TARGET_NAME)";
				SWIFT_VERSION = 5.0;
				TARGETED_DEVICE_FAMILY = "1,2";
			};
			name = Release;
		};
/* End XCBuildConfiguration section */

/* Begin XCConfigurationList section */
		2131FD3724FD843D0047A584 /* Build configuration list for PBXProject "SwiftUI_Pokemon" */ = {
			isa = XCConfigurationList;
			buildConfigurations = (
				2131FD4E24FD843F0047A584 /* Debug */,
				2131FD4F24FD843F0047A584 /* Release */,
			);
			defaultConfigurationIsVisible = 0;
			defaultConfigurationName = Release;
		};
		2131FD5024FD843F0047A584 /* Build configuration list for PBXNativeTarget "SwiftUI_Pokemon" */ = {
			isa = XCConfigurationList;
			buildConfigurations = (
				2131FD5124FD843F0047A584 /* Debug */,
				2131FD5224FD843F0047A584 /* Release */,
			);
			defaultConfigurationIsVisible = 0;
			defaultConfigurationName = Release;
		};
/* End XCConfigurationList section */
	};
	rootObject = 2131FD3424FD843D0047A584 /* Project object */;
}
